// !$*UTF8*$!
{
	archiveVersion = 1;
	classes = {
	};
	objectVersion = 48;
	objects = {

/* Begin PBXBuildFile section */
		E8F61D3A206E8E1C00610049 /* AppDelegate.swift in Sources */ = {isa = PBXBuildFile; fileRef = E8F61D39206E8E1C00610049 /* AppDelegate.swift */; };
		E8F61D3C206E8E1C00610049 /* ViewController.swift in Sources */ = {isa = PBXBuildFile; fileRef = E8F61D3B206E8E1C00610049 /* ViewController.swift */; };
		E8F61D3F206E8E1C00610049 /* Main.storyboard in Resources */ = {isa = PBXBuildFile; fileRef = E8F61D3D206E8E1C00610049 /* Main.storyboard */; };
		E8F61D42206E8E1C00610049 /* ProductsList.xcdatamodeld in Sources */ = {isa = PBXBuildFile; fileRef = E8F61D40206E8E1C00610049 /* ProductsList.xcdatamodeld */; };
		E8F61D44206E8E1C00610049 /* Assets.xcassets in Resources */ = {isa = PBXBuildFile; fileRef = E8F61D43206E8E1C00610049 /* Assets.xcassets */; };
		E8F61D47206E8E1C00610049 /* LaunchScreen.storyboard in Resources */ = {isa = PBXBuildFile; fileRef = E8F61D45206E8E1C00610049 /* LaunchScreen.storyboard */; };
		E8F61D50206E8E8E00610049 /* AllListsViewController.swift in Sources */ = {isa = PBXBuildFile; fileRef = E8F61D4F206E8E8E00610049 /* AllListsViewController.swift */; };
		E8F61D53206E93E500610049 /* ProductList.swift in Sources */ = {isa = PBXBuildFile; fileRef = E8F61D52206E93E500610049 /* ProductList.swift */; };
		E8F61D55206E949C00610049 /* CreateListViewController.swift in Sources */ = {isa = PBXBuildFile; fileRef = E8F61D54206E949C00610049 /* CreateListViewController.swift */; };
		E8F61D57206E958A00610049 /* ProductListsProvider.swift in Sources */ = {isa = PBXBuildFile; fileRef = E8F61D56206E958A00610049 /* ProductListsProvider.swift */; };
		E8F61D59206E95BE00610049 /* OfflineProductListsProvider.swift in Sources */ = {isa = PBXBuildFile; fileRef = E8F61D58206E95BE00610049 /* OfflineProductListsProvider.swift */; };
		E8F61D5B206EB41F00610049 /* ViewListViewController.swift in Sources */ = {isa = PBXBuildFile; fileRef = E8F61D5A206EB41F00610049 /* ViewListViewController.swift */; };
		E8F61D5D206EB54600610049 /* Product.swift in Sources */ = {isa = PBXBuildFile; fileRef = E8F61D5C206EB54600610049 /* Product.swift */; };
		E8F61D5F206EB55400610049 /* ProductsProvider.swift in Sources */ = {isa = PBXBuildFile; fileRef = E8F61D5E206EB55400610049 /* ProductsProvider.swift */; };
		E8F61D61206EB56A00610049 /* OfflineProductsProvider.swift in Sources */ = {isa = PBXBuildFile; fileRef = E8F61D60206EB56A00610049 /* OfflineProductsProvider.swift */; };
		E8F61D63206EBB1900610049 /* AddProductViewController.swift in Sources */ = {isa = PBXBuildFile; fileRef = E8F61D62206EBB1900610049 /* AddProductViewController.swift */; };
/* End PBXBuildFile section */

/* Begin PBXFileReference section */
		E8F61D36206E8E1C00610049 /* ProductsList.app */ = {isa = PBXFileReference; explicitFileType = wrapper.application; includeInIndex = 0; path = ProductsList.app; sourceTree = BUILT_PRODUCTS_DIR; };
		E8F61D39206E8E1C00610049 /* AppDelegate.swift */ = {isa = PBXFileReference; lastKnownFileType = sourcecode.swift; path = AppDelegate.swift; sourceTree = "<group>"; };
		E8F61D3B206E8E1C00610049 /* ViewController.swift */ = {isa = PBXFileReference; lastKnownFileType = sourcecode.swift; path = ViewController.swift; sourceTree = "<group>"; };
		E8F61D3E206E8E1C00610049 /* Base */ = {isa = PBXFileReference; lastKnownFileType = file.storyboard; name = Base; path = Base.lproj/Main.storyboard; sourceTree = "<group>"; };
		E8F61D41206E8E1C00610049 /* ProductsList.xcdatamodel */ = {isa = PBXFileReference; lastKnownFileType = wrapper.xcdatamodel; path = ProductsList.xcdatamodel; sourceTree = "<group>"; };
		E8F61D43206E8E1C00610049 /* Assets.xcassets */ = {isa = PBXFileReference; lastKnownFileType = folder.assetcatalog; path = Assets.xcassets; sourceTree = "<group>"; };
		E8F61D46206E8E1C00610049 /* Base */ = {isa = PBXFileReference; lastKnownFileType = file.storyboard; name = Base; path = Base.lproj/LaunchScreen.storyboard; sourceTree = "<group>"; };
		E8F61D48206E8E1C00610049 /* Info.plist */ = {isa = PBXFileReference; lastKnownFileType = text.plist.xml; path = Info.plist; sourceTree = "<group>"; };
		E8F61D4F206E8E8E00610049 /* AllListsViewController.swift */ = {isa = PBXFileReference; lastKnownFileType = sourcecode.swift; path = AllListsViewController.swift; sourceTree = "<group>"; };
		E8F61D52206E93E500610049 /* ProductList.swift */ = {isa = PBXFileReference; lastKnownFileType = sourcecode.swift; path = ProductList.swift; sourceTree = "<group>"; };
		E8F61D54206E949C00610049 /* CreateListViewController.swift */ = {isa = PBXFileReference; lastKnownFileType = sourcecode.swift; path = CreateListViewController.swift; sourceTree = "<group>"; };
		E8F61D56206E958A00610049 /* ProductListsProvider.swift */ = {isa = PBXFileReference; lastKnownFileType = sourcecode.swift; path = ProductListsProvider.swift; sourceTree = "<group>"; };
		E8F61D58206E95BE00610049 /* OfflineProductListsProvider.swift */ = {isa = PBXFileReference; lastKnownFileType = sourcecode.swift; path = OfflineProductListsProvider.swift; sourceTree = "<group>"; };
		E8F61D5A206EB41F00610049 /* ViewListViewController.swift */ = {isa = PBXFileReference; lastKnownFileType = sourcecode.swift; path = ViewListViewController.swift; sourceTree = "<group>"; };
		E8F61D5C206EB54600610049 /* Product.swift */ = {isa = PBXFileReference; lastKnownFileType = sourcecode.swift; path = Product.swift; sourceTree = "<group>"; };
		E8F61D5E206EB55400610049 /* ProductsProvider.swift */ = {isa = PBXFileReference; lastKnownFileType = sourcecode.swift; path = ProductsProvider.swift; sourceTree = "<group>"; };
		E8F61D60206EB56A00610049 /* OfflineProductsProvider.swift */ = {isa = PBXFileReference; lastKnownFileType = sourcecode.swift; path = OfflineProductsProvider.swift; sourceTree = "<group>"; };
		E8F61D62206EBB1900610049 /* AddProductViewController.swift */ = {isa = PBXFileReference; lastKnownFileType = sourcecode.swift; path = AddProductViewController.swift; sourceTree = "<group>"; };
/* End PBXFileReference section */

/* Begin PBXFrameworksBuildPhase section */
		E8F61D33206E8E1C00610049 /* Frameworks */ = {
			isa = PBXFrameworksBuildPhase;
			buildActionMask = 2147483647;
			files = (
			);
			runOnlyForDeploymentPostprocessing = 0;
		};
/* End PBXFrameworksBuildPhase section */

/* Begin PBXGroup section */
		E8F61D2D206E8E1C00610049 = {
			isa = PBXGroup;
			children = (
				E8F61D38206E8E1C00610049 /* ProductsList */,
				E8F61D37206E8E1C00610049 /* Products */,
			);
			sourceTree = "<group>";
		};
		E8F61D37206E8E1C00610049 /* Products */ = {
			isa = PBXGroup;
			children = (
				E8F61D36206E8E1C00610049 /* ProductsList.app */,
			);
			name = Products;
			sourceTree = "<group>";
		};
		E8F61D38206E8E1C00610049 /* ProductsList */ = {
			isa = PBXGroup;
			children = (
				E8F61D51206E93AC00610049 /* Model */,
				E8F61D4E206E8E7500610049 /* ViewControllers */,
				E8F61D39206E8E1C00610049 /* AppDelegate.swift */,
				E8F61D3B206E8E1C00610049 /* ViewController.swift */,
				E8F61D3D206E8E1C00610049 /* Main.storyboard */,
				E8F61D43206E8E1C00610049 /* Assets.xcassets */,
				E8F61D45206E8E1C00610049 /* LaunchScreen.storyboard */,
				E8F61D48206E8E1C00610049 /* Info.plist */,
				E8F61D40206E8E1C00610049 /* ProductsList.xcdatamodeld */,
			);
			path = ProductsList;
			sourceTree = "<group>";
		};
		E8F61D4E206E8E7500610049 /* ViewControllers */ = {
			isa = PBXGroup;
			children = (
				E8F61D4F206E8E8E00610049 /* AllListsViewController.swift */,
				E8F61D54206E949C00610049 /* CreateListViewController.swift */,
				E8F61D5A206EB41F00610049 /* ViewListViewController.swift */,
				E8F61D62206EBB1900610049 /* AddProductViewController.swift */,
			);
			path = ViewControllers;
			sourceTree = "<group>";
		};
		E8F61D51206E93AC00610049 /* Model */ = {
			isa = PBXGroup;
			children = (
				E8F61D52206E93E500610049 /* ProductList.swift */,
				E8F61D56206E958A00610049 /* ProductListsProvider.swift */,
				E8F61D58206E95BE00610049 /* OfflineProductListsProvider.swift */,
				E8F61D5C206EB54600610049 /* Product.swift */,
				E8F61D5E206EB55400610049 /* ProductsProvider.swift */,
				E8F61D60206EB56A00610049 /* OfflineProductsProvider.swift */,
			);
			path = Model;
			sourceTree = "<group>";
		};
/* End PBXGroup section */

/* Begin PBXNativeTarget section */
		E8F61D35206E8E1C00610049 /* ProductsList */ = {
			isa = PBXNativeTarget;
			buildConfigurationList = E8F61D4B206E8E1C00610049 /* Build configuration list for PBXNativeTarget "ProductsList" */;
			buildPhases = (
				E8F61D32206E8E1C00610049 /* Sources */,
				E8F61D33206E8E1C00610049 /* Frameworks */,
				E8F61D34206E8E1C00610049 /* Resources */,
			);
			buildRules = (
			);
			dependencies = (
			);
			name = ProductsList;
			productName = ProductsList;
			productReference = E8F61D36206E8E1C00610049 /* ProductsList.app */;
			productType = "com.apple.product-type.application";
		};
/* End PBXNativeTarget section */

/* Begin PBXProject section */
		E8F61D2E206E8E1C00610049 /* Project object */ = {
			isa = PBXProject;
			attributes = {
				LastSwiftUpdateCheck = 0920;
				LastUpgradeCheck = 0920;
				ORGANIZATIONNAME = HSE;
				TargetAttributes = {
					E8F61D35206E8E1C00610049 = {
						CreatedOnToolsVersion = 9.2;
						ProvisioningStyle = Automatic;
					};
				};
			};
			buildConfigurationList = E8F61D31206E8E1C00610049 /* Build configuration list for PBXProject "ProductsList" */;
			compatibilityVersion = "Xcode 8.0";
			developmentRegion = en;
			hasScannedForEncodings = 0;
			knownRegions = (
				en,
				Base,
			);
			mainGroup = E8F61D2D206E8E1C00610049;
			productRefGroup = E8F61D37206E8E1C00610049 /* Products */;
			projectDirPath = "";
			projectRoot = "";
			targets = (
				E8F61D35206E8E1C00610049 /* ProductsList */,
			);
		};
/* End PBXProject section */

/* Begin PBXResourcesBuildPhase section */
		E8F61D34206E8E1C00610049 /* Resources */ = {
			isa = PBXResourcesBuildPhase;
			buildActionMask = 2147483647;
			files = (
				E8F61D47206E8E1C00610049 /* LaunchScreen.storyboard in Resources */,
				E8F61D44206E8E1C00610049 /* Assets.xcassets in Resources */,
				E8F61D3F206E8E1C00610049 /* Main.storyboard in Resources */,
			);
			runOnlyForDeploymentPostprocessing = 0;
		};
/* End PBXResourcesBuildPhase section */

/* Begin PBXSourcesBuildPhase section */
		E8F61D32206E8E1C00610049 /* Sources */ = {
			isa = PBXSourcesBuildPhase;
			buildActionMask = 2147483647;
			files = (
				E8F61D5F206EB55400610049 /* ProductsProvider.swift in Sources */,
				E8F61D57206E958A00610049 /* ProductListsProvider.swift in Sources */,
				E8F61D61206EB56A00610049 /* OfflineProductsProvider.swift in Sources */,
				E8F61D55206E949C00610049 /* CreateListViewController.swift in Sources */,
				E8F61D3C206E8E1C00610049 /* ViewController.swift in Sources */,
				E8F61D3A206E8E1C00610049 /* AppDelegate.swift in Sources */,
				E8F61D53206E93E500610049 /* ProductList.swift in Sources */,
				E8F61D50206E8E8E00610049 /* AllListsViewController.swift in Sources */,
				E8F61D59206E95BE00610049 /* OfflineProductListsProvider.swift in Sources */,
				E8F61D63206EBB1900610049 /* AddProductViewController.swift in Sources */,
				E8F61D5D206EB54600610049 /* Product.swift in Sources */,
				E8F61D42206E8E1C00610049 /* ProductsList.xcdatamodeld in Sources */,
				E8F61D5B206EB41F00610049 /* ViewListViewController.swift in Sources */,
			);
			runOnlyForDeploymentPostprocessing = 0;
		};
/* End PBXSourcesBuildPhase section */

/* Begin PBXVariantGroup section */
		E8F61D3D206E8E1C00610049 /* Main.storyboard */ = {
			isa = PBXVariantGroup;
			children = (
				E8F61D3E206E8E1C00610049 /* Base */,
			);
			name = Main.storyboard;
			sourceTree = "<group>";
		};
		E8F61D45206E8E1C00610049 /* LaunchScreen.storyboard */ = {
			isa = PBXVariantGroup;
			children = (
				E8F61D46206E8E1C00610049 /* Base */,
			);
			name = LaunchScreen.storyboard;
			sourceTree = "<group>";
		};
/* End PBXVariantGroup section */

/* Begin XCBuildConfiguration section */
		E8F61D49206E8E1C00610049 /* Debug */ = {
			isa = XCBuildConfiguration;
			buildSettings = {
				ALWAYS_SEARCH_USER_PATHS = NO;
				CLANG_ANALYZER_NONNULL = YES;
				CLANG_ANALYZER_NUMBER_OBJECT_CONVERSION = YES_AGGRESSIVE;
				CLANG_CXX_LANGUAGE_STANDARD = "gnu++14";
				CLANG_CXX_LIBRARY = "libc++";
				CLANG_ENABLE_MODULES = YES;
				CLANG_ENABLE_OBJC_ARC = YES;
				CLANG_WARN_BLOCK_CAPTURE_AUTORELEASING = YES;
				CLANG_WARN_BOOL_CONVERSION = YES;
				CLANG_WARN_COMMA = YES;
				CLANG_WARN_CONSTANT_CONVERSION = YES;
				CLANG_WARN_DIRECT_OBJC_ISA_USAGE = YES_ERROR;
				CLANG_WARN_DOCUMENTATION_COMMENTS = YES;
				CLANG_WARN_EMPTY_BODY = YES;
				CLANG_WARN_ENUM_CONVERSION = YES;
				CLANG_WARN_INFINITE_RECURSION = YES;
				CLANG_WARN_INT_CONVERSION = YES;
				CLANG_WARN_NON_LITERAL_NULL_CONVERSION = YES;
				CLANG_WARN_OBJC_LITERAL_CONVERSION = YES;
				CLANG_WARN_OBJC_ROOT_CLASS = YES_ERROR;
				CLANG_WARN_RANGE_LOOP_ANALYSIS = YES;
				CLANG_WARN_STRICT_PROTOTYPES = YES;
				CLANG_WARN_SUSPICIOUS_MOVE = YES;
				CLANG_WARN_UNGUARDED_AVAILABILITY = YES_AGGRESSIVE;
				CLANG_WARN_UNREACHABLE_CODE = YES;
				CLANG_WARN__DUPLICATE_METHOD_MATCH = YES;
				CODE_SIGN_IDENTITY = "iPhone Developer";
				COPY_PHASE_STRIP = NO;
				DEBUG_INFORMATION_FORMAT = dwarf;
				ENABLE_STRICT_OBJC_MSGSEND = YES;
				ENABLE_TESTABILITY = YES;
				GCC_C_LANGUAGE_STANDARD = gnu11;
				GCC_DYNAMIC_NO_PIC = NO;
				GCC_NO_COMMON_BLOCKS = YES;
				GCC_OPTIMIZATION_LEVEL = 0;
				GCC_PREPROCESSOR_DEFINITIONS = (
					"DEBUG=1",
					"$(inherited)",
				);
				GCC_WARN_64_TO_32_BIT_CONVERSION = YES;
				GCC_WARN_ABOUT_RETURN_TYPE = YES_ERROR;
				GCC_WARN_UNDECLARED_SELECTOR = YES;
				GCC_WARN_UNINITIALIZED_AUTOS = YES_AGGRESSIVE;
				GCC_WARN_UNUSED_FUNCTION = YES;
				GCC_WARN_UNUSED_VARIABLE = YES;
				IPHONEOS_DEPLOYMENT_TARGET = 11.2;
				MTL_ENABLE_DEBUG_INFO = YES;
				ONLY_ACTIVE_ARCH = YES;
				SDKROOT = iphoneos;
				SWIFT_ACTIVE_COMPILATION_CONDITIONS = DEBUG;
				SWIFT_OPTIMIZATION_LEVEL = "-Onone";
			};
			name = Debug;
		};
		E8F61D4A206E8E1C00610049 /* Release */ = {
			isa = XCBuildConfiguration;
			buildSettings = {
				ALWAYS_SEARCH_USER_PATHS = NO;
				CLANG_ANALYZER_NONNULL = YES;
				CLANG_ANALYZER_NUMBER_OBJECT_CONVERSION = YES_AGGRESSIVE;
				CLANG_CXX_LANGUAGE_STANDARD = "gnu++14";
				CLANG_CXX_LIBRARY = "libc++";
				CLANG_ENABLE_MODULES = YES;
				CLANG_ENABLE_OBJC_ARC = YES;
				CLANG_WARN_BLOCK_CAPTURE_AUTORELEASING = YES;
				CLANG_WARN_BOOL_CONVERSION = YES;
				CLANG_WARN_COMMA = YES;
				CLANG_WARN_CONSTANT_CONVERSION = YES;
				CLANG_WARN_DIRECT_OBJC_ISA_USAGE = YES_ERROR;
				CLANG_WARN_DOCUMENTATION_COMMENTS = YES;
				CLANG_WARN_EMPTY_BODY = YES;
				CLANG_WARN_ENUM_CONVERSION = YES;
				CLANG_WARN_INFINITE_RECURSION = YES;
				CLANG_WARN_INT_CONVERSION = YES;
				CLANG_WARN_NON_LITERAL_NULL_CONVERSION = YES;
				CLANG_WARN_OBJC_LITERAL_CONVERSION = YES;
				CLANG_WARN_OBJC_ROOT_CLASS = YES_ERROR;
				CLANG_WARN_RANGE_LOOP_ANALYSIS = YES;
				CLANG_WARN_STRICT_PROTOTYPES = YES;
				CLANG_WARN_SUSPICIOUS_MOVE = YES;
				CLANG_WARN_UNGUARDED_AVAILABILITY = YES_AGGRESSIVE;
				CLANG_WARN_UNREACHABLE_CODE = YES;
				CLANG_WARN__DUPLICATE_METHOD_MATCH = YES;
				CODE_SIGN_IDENTITY = "iPhone Developer";
				COPY_PHASE_STRIP = NO;
				DEBUG_INFORMATION_FORMAT = "dwarf-with-dsym";
				ENABLE_NS_ASSERTIONS = NO;
				ENABLE_STRICT_OBJC_MSGSEND = YES;
				GCC_C_LANGUAGE_STANDARD = gnu11;
				GCC_NO_COMMON_BLOCKS = YES;
				GCC_WARN_64_TO_32_BIT_CONVERSION = YES;
				GCC_WARN_ABOUT_RETURN_TYPE = YES_ERROR;
				GCC_WARN_UNDECLARED_SELECTOR = YES;
				GCC_WARN_UNINITIALIZED_AUTOS = YES_AGGRESSIVE;
				GCC_WARN_UNUSED_FUNCTION = YES;
				GCC_WARN_UNUSED_VARIABLE = YES;
				IPHONEOS_DEPLOYMENT_TARGET = 11.2;
				MTL_ENABLE_DEBUG_INFO = NO;
				SDKROOT = iphoneos;
				SWIFT_OPTIMIZATION_LEVEL = "-Owholemodule";
				VALIDATE_PRODUCT = YES;
			};
			name = Release;
		};
		E8F61D4C206E8E1C00610049 /* Debug */ = {
			isa = XCBuildConfiguration;
			buildSettings = {
				ASSETCATALOG_COMPILER_APPICON_NAME = AppIcon;
				CODE_SIGN_STYLE = Automatic;
				DEVELOPMENT_TEAM = 47U4PSM43W;
				INFOPLIST_FILE = ProductsList/Info.plist;
				LD_RUNPATH_SEARCH_PATHS = "$(inherited) @executable_path/Frameworks";
				PRODUCT_BUNDLE_IDENTIFIER = hse.ProductsList;
				PRODUCT_NAME = "$(TARGET_NAME)";
				SWIFT_VERSION = 4.0;
				TARGETED_DEVICE_FAMILY = "1,2";
			};
			name = Debug;
		};
		E8F61D4D206E8E1C00610049 /* Release */ = {
			isa = XCBuildConfiguration;
			buildSettings = {
				ASSETCATALOG_COMPILER_APPICON_NAME = AppIcon;
				CODE_SIGN_STYLE = Automatic;
				DEVELOPMENT_TEAM = 47U4PSM43W;
				INFOPLIST_FILE = ProductsList/Info.plist;
				LD_RUNPATH_SEARCH_PATHS = "$(inherited) @executable_path/Frameworks";
				PRODUCT_BUNDLE_IDENTIFIER = hse.ProductsList;
				PRODUCT_NAME = "$(TARGET_NAME)";
				SWIFT_VERSION = 4.0;
				TARGETED_DEVICE_FAMILY = "1,2";
			};
			name = Release;
		};
/* End XCBuildConfiguration section */

/* Begin XCConfigurationList section */
		E8F61D31206E8E1C00610049 /* Build configuration list for PBXProject "ProductsList" */ = {
			isa = XCConfigurationList;
			buildConfigurations = (
				E8F61D49206E8E1C00610049 /* Debug */,
				E8F61D4A206E8E1C00610049 /* Release */,
			);
			defaultConfigurationIsVisible = 0;
			defaultConfigurationName = Release;
		};
		E8F61D4B206E8E1C00610049 /* Build configuration list for PBXNativeTarget "ProductsList" */ = {
			isa = XCConfigurationList;
			buildConfigurations = (
				E8F61D4C206E8E1C00610049 /* Debug */,
				E8F61D4D206E8E1C00610049 /* Release */,
			);
			defaultConfigurationIsVisible = 0;
			defaultConfigurationName = Release;
		};
/* End XCConfigurationList section */

/* Begin XCVersionGroup section */
		E8F61D40206E8E1C00610049 /* ProductsList.xcdatamodeld */ = {
			isa = XCVersionGroup;
			children = (
				E8F61D41206E8E1C00610049 /* ProductsList.xcdatamodel */,
			);
			currentVersion = E8F61D41206E8E1C00610049 /* ProductsList.xcdatamodel */;
			path = ProductsList.xcdatamodeld;
			sourceTree = "<group>";
			versionGroupType = wrapper.xcdatamodel;
		};
/* End XCVersionGroup section */
	};
	rootObject = E8F61D2E206E8E1C00610049 /* Project object */;
}
